
Microsoft Visual Studio Solution File, Format Version 12.00
# Visual Studio Version 17
VisualStudioVersion = 17.0.32014.148
MinimumVisualStudioVersion = 10.0.40219.1
Project("{9A19103F-16F7-4668-BE54-9A1E7A4F7556}") = "Dillon Godwin MathQuiz", "MathQuiz\Dillon Godwin MathQuiz.csproj", "{B5C7B19C-2004-4503-A926-8FDFC74A96F3}"
EndProject
Global
	GlobalSection(SolutionConfigurationPlatforms) = preSolution
		Debug|Any CPU = Debug|Any CPU
		Release|Any CPU = Release|Any CPU
	EndGlobalSection
	GlobalSection(ProjectConfigurationPlatforms) = postSolution
		{B5C7B19C-2004-4503-A926-8FDFC74A96F3}.Debug|Any CPU.ActiveCfg = Debug|Any CPU
		{B5C7B19C-2004-4503-A926-8FDFC74A96F3}.Debug|Any CPU.Build.0 = Debug|Any CPU
		{B5C7B19C-2004-4503-A926-8FDFC74A96F3}.Release|Any CPU.ActiveCfg = Release|Any CPU
		{B5C7B19C-2004-4503-A926-8FDFC74A96F3}.Release|Any CPU.Build.0 = Release|Any CPU
	EndGlobalSection
	GlobalSection(SolutionProperties) = preSolution
		HideSolutionNode = FALSE
	EndGlobalSection
	GlobalSection(ExtensibilityGlobals) = postSolution
		SolutionGuid = {2656D446-77A5-4BA5-8CEC-53891FF73B64}
	EndGlobalSection
EndGlobal
